
Microsoft Visual Studio Solution File, Format Version 12.00
# Visual Studio Version 17
VisualStudioVersion = 17.2.32616.157
MinimumVisualStudioVersion = 10.0.40219.1
Project("{FAE04EC0-301F-11D3-BF4B-00C04F79EFBC}") = "ApiPokemon", "ApiPokemon.csproj", "{9C376E5D-0D5F-46C3-B513-635AC05DB8E4}"
EndProject
Global
	GlobalSection(SolutionConfigurationPlatforms) = preSolution
		Debug|Any CPU = Debug|Any CPU
		Release|Any CPU = Release|Any CPU
	EndGlobalSection
	GlobalSection(ProjectConfigurationPlatforms) = postSolution
		{9C376E5D-0D5F-46C3-B513-635AC05DB8E4}.Debug|Any CPU.ActiveCfg = Debug|Any CPU
		{9C376E5D-0D5F-46C3-B513-635AC05DB8E4}.Debug|Any CPU.Build.0 = Debug|Any CPU
		{9C376E5D-0D5F-46C3-B513-635AC05DB8E4}.Release|Any CPU.ActiveCfg = Release|Any CPU
		{9C376E5D-0D5F-46C3-B513-635AC05DB8E4}.Release|Any CPU.Build.0 = Release|Any CPU
	EndGlobalSection
	GlobalSection(SolutionProperties) = preSolution
		HideSolutionNode = FALSE
	EndGlobalSection
	GlobalSection(ExtensibilityGlobals) = postSolution
		SolutionGuid = {2B441034-1503-4DAA-A3B7-8A9CAB9862C7}
	EndGlobalSection
EndGlobal
